
Microsoft Visual Studio Solution File, Format Version 12.00
# Visual Studio Version 16
VisualStudioVersion = 16.0.31229.75
MinimumVisualStudioVersion = 10.0.40219.1
Project("{FAE04EC0-301F-11D3-BF4B-00C04F79EFBC}") = "AutomationFootshop", "AutomationFootshop\AutomationFootshop.csproj", "{40F87DDC-47EF-4FC1-B983-64A036CD43CA}"
EndProject
Global
	GlobalSection(SolutionConfigurationPlatforms) = preSolution
		Debug|Any CPU = Debug|Any CPU
		Release|Any CPU = Release|Any CPU
	EndGlobalSection
	GlobalSection(ProjectConfigurationPlatforms) = postSolution
		{40F87DDC-47EF-4FC1-B983-64A036CD43CA}.Debug|Any CPU.ActiveCfg = Debug|Any CPU
		{40F87DDC-47EF-4FC1-B983-64A036CD43CA}.Debug|Any CPU.Build.0 = Debug|Any CPU
		{40F87DDC-47EF-4FC1-B983-64A036CD43CA}.Release|Any CPU.ActiveCfg = Release|Any CPU
		{40F87DDC-47EF-4FC1-B983-64A036CD43CA}.Release|Any CPU.Build.0 = Release|Any CPU
	EndGlobalSection
	GlobalSection(SolutionProperties) = preSolution
		HideSolutionNode = FALSE
	EndGlobalSection
	GlobalSection(ExtensibilityGlobals) = postSolution
		SolutionGuid = {D627745A-BD64-4AD5-8B08-62CF1BC44ED2}
	EndGlobalSection
EndGlobal
